// !$*UTF8*$!
{
	archiveVersion = 1;
	classes = {
	};
	objectVersion = 50;
	objects = {

/* Begin PBXBuildFile section */
		1253005F9D4D8EB1DB3751D9 /* Pods_ZJDemo.framework in Frameworks */ = {isa = PBXBuildFile; fileRef = 8B488B116DD8587B3CA65EFB /* Pods_ZJDemo.framework */; };
		E8800B4D2214202F00B97073 /* AppDelegate.swift in Sources */ = {isa = PBXBuildFile; fileRef = E8800B4C2214202F00B97073 /* AppDelegate.swift */; };
		E8800B4F2214202F00B97073 /* ViewController.swift in Sources */ = {isa = PBXBuildFile; fileRef = E8800B4E2214202F00B97073 /* ViewController.swift */; };
		E8800B522214202F00B97073 /* Main.storyboard in Resources */ = {isa = PBXBuildFile; fileRef = E8800B502214202F00B97073 /* Main.storyboard */; };
		E8800B542214203100B97073 /* Assets.xcassets in Resources */ = {isa = PBXBuildFile; fileRef = E8800B532214203100B97073 /* Assets.xcassets */; };
		E8800B572214203100B97073 /* LaunchScreen.storyboard in Resources */ = {isa = PBXBuildFile; fileRef = E8800B552214203100B97073 /* LaunchScreen.storyboard */; };
/* End PBXBuildFile section */

/* Begin PBXFileReference section */
		5BC65D58B43563C3E8814572 /* Pods-ZJDemo.debug.xcconfig */ = {isa = PBXFileReference; includeInIndex = 1; lastKnownFileType = text.xcconfig; name = "Pods-ZJDemo.debug.xcconfig"; path = "Pods/Target Support Files/Pods-ZJDemo/Pods-ZJDemo.debug.xcconfig"; sourceTree = "<group>"; };
		8B488B116DD8587B3CA65EFB /* Pods_ZJDemo.framework */ = {isa = PBXFileReference; explicitFileType = wrapper.framework; includeInIndex = 0; path = Pods_ZJDemo.framework; sourceTree = BUILT_PRODUCTS_DIR; };
		C7634302AFFE82CD95326F02 /* Pods-ZJDemo.release.xcconfig */ = {isa = PBXFileReference; includeInIndex = 1; lastKnownFileType = text.xcconfig; name = "Pods-ZJDemo.release.xcconfig"; path = "Pods/Target Support Files/Pods-ZJDemo/Pods-ZJDemo.release.xcconfig"; sourceTree = "<group>"; };
		E8800B492214202F00B97073 /* ZJDemo.app */ = {isa = PBXFileReference; explicitFileType = wrapper.application; includeInIndex = 0; path = ZJDemo.app; sourceTree = BUILT_PRODUCTS_DIR; };
		E8800B4C2214202F00B97073 /* AppDelegate.swift */ = {isa = PBXFileReference; lastKnownFileType = sourcecode.swift; path = AppDelegate.swift; sourceTree = "<group>"; };
		E8800B4E2214202F00B97073 /* ViewController.swift */ = {isa = PBXFileReference; lastKnownFileType = sourcecode.swift; path = ViewController.swift; sourceTree = "<group>"; };
		E8800B512214202F00B97073 /* Base */ = {isa = PBXFileReference; lastKnownFileType = file.storyboard; name = Base; path = Base.lproj/Main.storyboard; sourceTree = "<group>"; };
		E8800B532214203100B97073 /* Assets.xcassets */ = {isa = PBXFileReference; lastKnownFileType = folder.assetcatalog; path = Assets.xcassets; sourceTree = "<group>"; };
		E8800B562214203100B97073 /* Base */ = {isa = PBXFileReference; lastKnownFileType = file.storyboard; name = Base; path = Base.lproj/LaunchScreen.storyboard; sourceTree = "<group>"; };
		E8800B582214203100B97073 /* Info.plist */ = {isa = PBXFileReference; lastKnownFileType = text.plist.xml; path = Info.plist; sourceTree = "<group>"; };
/* End PBXFileReference section */

/* Begin PBXFrameworksBuildPhase section */
		E8800B462214202F00B97073 /* Frameworks */ = {
			isa = PBXFrameworksBuildPhase;
			buildActionMask = 2147483647;
			files = (
				1253005F9D4D8EB1DB3751D9 /* Pods_ZJDemo.framework in Frameworks */,
			);
			runOnlyForDeploymentPostprocessing = 0;
		};
/* End PBXFrameworksBuildPhase section */

/* Begin PBXGroup section */
		462A0811D5D06CC782557065 /* Frameworks */ = {
			isa = PBXGroup;
			children = (
				8B488B116DD8587B3CA65EFB /* Pods_ZJDemo.framework */,
			);
			name = Frameworks;
			sourceTree = "<group>";
		};
		CAF62BA76BA5D7620658DA2C /* Pods */ = {
			isa = PBXGroup;
			children = (
				5BC65D58B43563C3E8814572 /* Pods-ZJDemo.debug.xcconfig */,
				C7634302AFFE82CD95326F02 /* Pods-ZJDemo.release.xcconfig */,
			);
			name = Pods;
			sourceTree = "<group>";
		};
		E8800B402214202F00B97073 = {
			isa = PBXGroup;
			children = (
				E8800B4B2214202F00B97073 /* ZJDemo */,
				E8800B4A2214202F00B97073 /* Products */,
				CAF62BA76BA5D7620658DA2C /* Pods */,
				462A0811D5D06CC782557065 /* Frameworks */,
			);
			sourceTree = "<group>";
		};
		E8800B4A2214202F00B97073 /* Products */ = {
			isa = PBXGroup;
			children = (
				E8800B492214202F00B97073 /* ZJDemo.app */,
			);
			name = Products;
			sourceTree = "<group>";
		};
		E8800B4B2214202F00B97073 /* ZJDemo */ = {
			isa = PBXGroup;
			children = (
				E8800B4C2214202F00B97073 /* AppDelegate.swift */,
				E8800B4E2214202F00B97073 /* ViewController.swift */,
				E8800B502214202F00B97073 /* Main.storyboard */,
				E8800B532214203100B97073 /* Assets.xcassets */,
				E8800B552214203100B97073 /* LaunchScreen.storyboard */,
				E8800B582214203100B97073 /* Info.plist */,
			);
			path = ZJDemo;
			sourceTree = "<group>";
		};
/* End PBXGroup section */

/* Begin PBXNativeTarget section */
		E8800B482214202F00B97073 /* ZJDemo */ = {
			isa = PBXNativeTarget;
			buildConfigurationList = E8800B5B2214203100B97073 /* Build configuration list for PBXNativeTarget "ZJDemo" */;
			buildPhases = (
				5621F3A2DF909D386515C51F /* [CP] Check Pods Manifest.lock */,
				E8800B452214202F00B97073 /* Sources */,
				E8800B462214202F00B97073 /* Frameworks */,
				E8800B472214202F00B97073 /* Resources */,
				F9059855158862BE0793AD9F /* [CP] Embed Pods Frameworks */,
			);
			buildRules = (
			);
			dependencies = (
			);
			name = ZJDemo;
			productName = ZJDemo;
			productReference = E8800B492214202F00B97073 /* ZJDemo.app */;
			productType = "com.apple.product-type.application";
		};
/* End PBXNativeTarget section */

/* Begin PBXProject section */
		E8800B412214202F00B97073 /* Project object */ = {
			isa = PBXProject;
			attributes = {
				LastSwiftUpdateCheck = 1010;
				LastUpgradeCheck = 1010;
				ORGANIZATIONNAME = cxc;
				TargetAttributes = {
					E8800B482214202F00B97073 = {
						CreatedOnToolsVersion = 10.1;
					};
				};
			};
			buildConfigurationList = E8800B442214202F00B97073 /* Build configuration list for PBXProject "ZJDemo" */;
			compatibilityVersion = "Xcode 9.3";
			developmentRegion = en;
			hasScannedForEncodings = 0;
			knownRegions = (
				en,
				Base,
			);
			mainGroup = E8800B402214202F00B97073;
			productRefGroup = E8800B4A2214202F00B97073 /* Products */;
			projectDirPath = "";
			projectRoot = "";
			targets = (
				E8800B482214202F00B97073 /* ZJDemo */,
			);
		};
/* End PBXProject section */

/* Begin PBXResourcesBuildPhase section */
		E8800B472214202F00B97073 /* Resources */ = {
			isa = PBXResourcesBuildPhase;
			buildActionMask = 2147483647;
			files = (
				E8800B572214203100B97073 /* LaunchScreen.storyboard in Resources */,
				E8800B542214203100B97073 /* Assets.xcassets in Resources */,
				E8800B522214202F00B97073 /* Main.storyboard in Resources */,
			);
			runOnlyForDeploymentPostprocessing = 0;
		};
/* End PBXResourcesBuildPhase section */

/* Begin PBXShellScriptBuildPhase section */
		5621F3A2DF909D386515C51F /* [CP] Check Pods Manifest.lock */ = {
			isa = PBXShellScriptBuildPhase;
			buildActionMask = 2147483647;
			files = (
			);
			inputFileListPaths = (
			);
			inputPaths = (
				"${PODS_PODFILE_DIR_PATH}/Podfile.lock",
				"${PODS_ROOT}/Manifest.lock",
			);
			name = "[CP] Check Pods Manifest.lock";
			outputFileListPaths = (
			);
			outputPaths = (
				"$(DERIVED_FILE_DIR)/Pods-ZJDemo-checkManifestLockResult.txt",
			);
			runOnlyForDeploymentPostprocessing = 0;
			shellPath = /bin/sh;
			shellScript = "diff \"${PODS_PODFILE_DIR_PATH}/Podfile.lock\" \"${PODS_ROOT}/Manifest.lock\" > /dev/null\nif [ $? != 0 ] ; then\n    # print error to STDERR\n    echo \"error: The sandbox is not in sync with the Podfile.lock. Run 'pod install' or update your CocoaPods installation.\" >&2\n    exit 1\nfi\n# This output is used by Xcode 'outputs' to avoid re-running this script phase.\necho \"SUCCESS\" > \"${SCRIPT_OUTPUT_FILE_0}\"\n";
			showEnvVarsInLog = 0;
		};
		F9059855158862BE0793AD9F /* [CP] Embed Pods Frameworks */ = {
			isa = PBXShellScriptBuildPhase;
			buildActionMask = 2147483647;
			files = (
			);
			inputFileListPaths = (
			);
			inputPaths = (
				"${SRCROOT}/Pods/Target Support Files/Pods-ZJDemo/Pods-ZJDemo-frameworks.sh",
				"${BUILT_PRODUCTS_DIR}/ZJLoging/ZJLoging.framework",
				"${BUILT_PRODUCTS_DIR}/ZJNetworking/ZJNetworking.framework",
			);
			name = "[CP] Embed Pods Frameworks";
			outputFileListPaths = (
			);
			outputPaths = (
				"${TARGET_BUILD_DIR}/${FRAMEWORKS_FOLDER_PATH}/ZJLoging.framework",
				"${TARGET_BUILD_DIR}/${FRAMEWORKS_FOLDER_PATH}/ZJNetworking.framework",
			);
			runOnlyForDeploymentPostprocessing = 0;
			shellPath = /bin/sh;
			shellScript = "\"${SRCROOT}/Pods/Target Support Files/Pods-ZJDemo/Pods-ZJDemo-frameworks.sh\"\n";
			showEnvVarsInLog = 0;
		};
/* End PBXShellScriptBuildPhase section */

/* Begin PBXSourcesBuildPhase section */
		E8800B452214202F00B97073 /* Sources */ = {
			isa = PBXSourcesBuildPhase;
			buildActionMask = 2147483647;
			files = (
				E8800B4F2214202F00B97073 /* ViewController.swift in Sources */,
				E8800B4D2214202F00B97073 /* AppDelegate.swift in Sources */,
			);
			runOnlyForDeploymentPostprocessing = 0;
		};
/* End PBXSourcesBuildPhase section */

/* Begin PBXVariantGroup section */
		E8800B502214202F00B97073 /* Main.storyboard */ = {
			isa = PBXVariantGroup;
			children = (
				E8800B512214202F00B97073 /* Base */,
			);
			name = Main.storyboard;
			sourceTree = "<group>";
		};
		E8800B552214203100B97073 /* LaunchScreen.storyboard */ = {
			isa = PBXVariantGroup;
			children = (
				E8800B562214203100B97073 /* Base */,
			);
			name = LaunchScreen.storyboard;
			sourceTree = "<group>";
		};
/* End PBXVariantGroup section */

/* Begin XCBuildConfiguration section */
		E8800B592214203100B97073 /* Debug */ = {
			isa = XCBuildConfiguration;
			buildSettings = {
				ALWAYS_SEARCH_USER_PATHS = NO;
				CLANG_ANALYZER_NONNULL = YES;
				CLANG_ANALYZER_NUMBER_OBJECT_CONVERSION = YES_AGGRESSIVE;
				CLANG_CXX_LANGUAGE_STANDARD = "gnu++14";
				CLANG_CXX_LIBRARY = "libc++";
				CLANG_ENABLE_MODULES = YES;
				CLANG_ENABLE_OBJC_ARC = YES;
				CLANG_ENABLE_OBJC_WEAK = YES;
				CLANG_WARN_BLOCK_CAPTURE_AUTORELEASING = YES;
				CLANG_WARN_BOOL_CONVERSION = YES;
				CLANG_WARN_COMMA = YES;
				CLANG_WARN_CONSTANT_CONVERSION = YES;
				CLANG_WARN_DEPRECATED_OBJC_IMPLEMENTATIONS = YES;
				CLANG_WARN_DIRECT_OBJC_ISA_USAGE = YES_ERROR;
				CLANG_WARN_DOCUMENTATION_COMMENTS = YES;
				CLANG_WARN_EMPTY_BODY = YES;
				CLANG_WARN_ENUM_CONVERSION = YES;
				CLANG_WARN_INFINITE_RECURSION = YES;
				CLANG_WARN_INT_CONVERSION = YES;
				CLANG_WARN_NON_LITERAL_NULL_CONVERSION = YES;
				CLANG_WARN_OBJC_IMPLICIT_RETAIN_SELF = YES;
				CLANG_WARN_OBJC_LITERAL_CONVERSION = YES;
				CLANG_WARN_OBJC_ROOT_CLASS = YES_ERROR;
				CLANG_WARN_RANGE_LOOP_ANALYSIS = YES;
				CLANG_WARN_STRICT_PROTOTYPES = YES;
				CLANG_WARN_SUSPICIOUS_MOVE = YES;
				CLANG_WARN_UNGUARDED_AVAILABILITY = YES_AGGRESSIVE;
				CLANG_WARN_UNREACHABLE_CODE = YES;
				CLANG_WARN__DUPLICATE_METHOD_MATCH = YES;
				CODE_SIGN_IDENTITY = "iPhone Developer";
				COPY_PHASE_STRIP = NO;
				DEBUG_INFORMATION_FORMAT = dwarf;
				ENABLE_STRICT_OBJC_MSGSEND = YES;
				ENABLE_TESTABILITY = YES;
				GCC_C_LANGUAGE_STANDARD = gnu11;
				GCC_DYNAMIC_NO_PIC = NO;
				GCC_NO_COMMON_BLOCKS = YES;
				GCC_OPTIMIZATION_LEVEL = 0;
				GCC_PREPROCESSOR_DEFINITIONS = (
					"DEBUG=1",
					"$(inherited)",
				);
				GCC_WARN_64_TO_32_BIT_CONVERSION = YES;
				GCC_WARN_ABOUT_RETURN_TYPE = YES_ERROR;
				GCC_WARN_UNDECLARED_SELECTOR = YES;
				GCC_WARN_UNINITIALIZED_AUTOS = YES_AGGRESSIVE;
				GCC_WARN_UNUSED_FUNCTION = YES;
				GCC_WARN_UNUSED_VARIABLE = YES;
				IPHONEOS_DEPLOYMENT_TARGET = 12.1;
				MTL_ENABLE_DEBUG_INFO = INCLUDE_SOURCE;
				MTL_FAST_MATH = YES;
				ONLY_ACTIVE_ARCH = YES;
				SDKROOT = iphoneos;
				SWIFT_ACTIVE_COMPILATION_CONDITIONS = DEBUG;
				SWIFT_OPTIMIZATION_LEVEL = "-Onone";
			};
			name = Debug;
		};
		E8800B5A2214203100B97073 /* Release */ = {
			isa = XCBuildConfiguration;
			buildSettings = {
				ALWAYS_SEARCH_USER_PATHS = NO;
				CLANG_ANALYZER_NONNULL = YES;
				CLANG_ANALYZER_NUMBER_OBJECT_CONVERSION = YES_AGGRESSIVE;
				CLANG_CXX_LANGUAGE_STANDARD = "gnu++14";
				CLANG_CXX_LIBRARY = "libc++";
				CLANG_ENABLE_MODULES = YES;
				CLANG_ENABLE_OBJC_ARC = YES;
				CLANG_ENABLE_OBJC_WEAK = YES;
				CLANG_WARN_BLOCK_CAPTURE_AUTORELEASING = YES;
				CLANG_WARN_BOOL_CONVERSION = YES;
				CLANG_WARN_COMMA = YES;
				CLANG_WARN_CONSTANT_CONVERSION = YES;
				CLANG_WARN_DEPRECATED_OBJC_IMPLEMENTATIONS = YES;
				CLANG_WARN_DIRECT_OBJC_ISA_USAGE = YES_ERROR;
				CLANG_WARN_DOCUMENTATION_COMMENTS = YES;
				CLANG_WARN_EMPTY_BODY = YES;
				CLANG_WARN_ENUM_CONVERSION = YES;
				CLANG_WARN_INFINITE_RECURSION = YES;
				CLANG_WARN_INT_CONVERSION = YES;
				CLANG_WARN_NON_LITERAL_NULL_CONVERSION = YES;
				CLANG_WARN_OBJC_IMPLICIT_RETAIN_SELF = YES;
				CLANG_WARN_OBJC_LITERAL_CONVERSION = YES;
				CLANG_WARN_OBJC_ROOT_CLASS = YES_ERROR;
				CLANG_WARN_RANGE_LOOP_ANALYSIS = YES;
				CLANG_WARN_STRICT_PROTOTYPES = YES;
				CLANG_WARN_SUSPICIOUS_MOVE = YES;
				CLANG_WARN_UNGUARDED_AVAILABILITY = YES_AGGRESSIVE;
				CLANG_WARN_UNREACHABLE_CODE = YES;
				CLANG_WARN__DUPLICATE_METHOD_MATCH = YES;
				CODE_SIGN_IDENTITY = "iPhone Developer";
				COPY_PHASE_STRIP = NO;
				DEBUG_INFORMATION_FORMAT = "dwarf-with-dsym";
				ENABLE_NS_ASSERTIONS = NO;
				ENABLE_STRICT_OBJC_MSGSEND = YES;
				GCC_C_LANGUAGE_STANDARD = gnu11;
				GCC_NO_COMMON_BLOCKS = YES;
				GCC_WARN_64_TO_32_BIT_CONVERSION = YES;
				GCC_WARN_ABOUT_RETURN_TYPE = YES_ERROR;
				GCC_WARN_UNDECLARED_SELECTOR = YES;
				GCC_WARN_UNINITIALIZED_AUTOS = YES_AGGRESSIVE;
				GCC_WARN_UNUSED_FUNCTION = YES;
				GCC_WARN_UNUSED_VARIABLE = YES;
				IPHONEOS_DEPLOYMENT_TARGET = 12.1;
				MTL_ENABLE_DEBUG_INFO = NO;
				MTL_FAST_MATH = YES;
				SDKROOT = iphoneos;
				SWIFT_COMPILATION_MODE = wholemodule;
				SWIFT_OPTIMIZATION_LEVEL = "-O";
				VALIDATE_PRODUCT = YES;
			};
			name = Release;
		};
		E8800B5C2214203100B97073 /* Debug */ = {
			isa = XCBuildConfiguration;
			baseConfigurationReference = 5BC65D58B43563C3E8814572 /* Pods-ZJDemo.debug.xcconfig */;
			buildSettings = {
				ASSETCATALOG_COMPILER_APPICON_NAME = AppIcon;
				CODE_SIGN_STYLE = Automatic;
				DEVELOPMENT_TEAM = ALL3XGPW8Y;
				INFOPLIST_FILE = ZJDemo/Info.plist;
				LD_RUNPATH_SEARCH_PATHS = (
					"$(inherited)",
					"@executable_path/Frameworks",
				);
				PRODUCT_BUNDLE_IDENTIFIER = com.sweet.ZJDemo;
				PRODUCT_NAME = "$(TARGET_NAME)";
				SWIFT_VERSION = 4.2;
				TARGETED_DEVICE_FAMILY = "1,2";
			};
			name = Debug;
		};
		E8800B5D2214203100B97073 /* Release */ = {
			isa = XCBuildConfiguration;
			baseConfigurationReference = C7634302AFFE82CD95326F02 /* Pods-ZJDemo.release.xcconfig */;
			buildSettings = {
				ASSETCATALOG_COMPILER_APPICON_NAME = AppIcon;
				CODE_SIGN_STYLE = Automatic;
				DEVELOPMENT_TEAM = ALL3XGPW8Y;
				INFOPLIST_FILE = ZJDemo/Info.plist;
				LD_RUNPATH_SEARCH_PATHS = (
					"$(inherited)",
					"@executable_path/Frameworks",
				);
				PRODUCT_BUNDLE_IDENTIFIER = com.sweet.ZJDemo;
				PRODUCT_NAME = "$(TARGET_NAME)";
				SWIFT_VERSION = 4.2;
				TARGETED_DEVICE_FAMILY = "1,2";
			};
			name = Release;
		};
/* End XCBuildConfiguration section */

/* Begin XCConfigurationList section */
		E8800B442214202F00B97073 /* Build configuration list for PBXProject "ZJDemo" */ = {
			isa = XCConfigurationList;
			buildConfigurations = (
				E8800B592214203100B97073 /* Debug */,
				E8800B5A2214203100B97073 /* Release */,
			);
			defaultConfigurationIsVisible = 0;
			defaultConfigurationName = Release;
		};
		E8800B5B2214203100B97073 /* Build configuration list for PBXNativeTarget "ZJDemo" */ = {
			isa = XCConfigurationList;
			buildConfigurations = (
				E8800B5C2214203100B97073 /* Debug */,
				E8800B5D2214203100B97073 /* Release */,
			);
			defaultConfigurationIsVisible = 0;
			defaultConfigurationName = Release;
		};
/* End XCConfigurationList section */
	};
	rootObject = E8800B412214202F00B97073 /* Project object */;
}
